<?xml version="1.0" encoding="utf-8"?>
<Project ToolsVersion="4.0" xmlns="http://schemas.microsoft.com/developer/msbuild/2003">
  <ItemGroup>
    <Filter Include="ソース ファイル">
      <UniqueIdentifier>{4FC737F1-C7A5-4376-A066-2A32D752A2FF}</UniqueIdentifier>
      <Extensions>cpp;c;cc;cxx;c++;cppm;ixx;def;odl;idl;hpj;bat;asm;asmx</Extensions>
    </Filter>
    <Filter Include="ヘッダー ファイル">
      <UniqueIdentifier>{93995380-89BD-4b04-88EB-625FBE52EBFB}</UniqueIdentifier>
      <Extensions>h;hh;hpp;hxx;h++;hm;inl;inc;ipp;xsd</Extensions>
    </Filter>
    <Filter Include="リソース ファイル">
      <UniqueIdentifier>{67DA6AB6-F800-4c08-8B7A-83BB121AAD01}</UniqueIdentifier>
      <Extensions>rc;ico;cur;bmp;dlg;rc2;rct;bin;rgs;gif;jpg;jpeg;jpe;resx;tiff;tif;png;wav;mfcribbon-ms</Extensions>
    </Filter>
    <Filter Include="ソース ファイル\wua">
      <UniqueIdentifier>{02d6cba2-65a4-4a8a-a604-b806d0829813}</UniqueIdentifier>
    </Filter>
    <Filter Include="ヘッダー ファイル\wua">
      <UniqueIdentifier>{8603b433-4e68-4bf7-979a-227502d3e336}</UniqueIdentifier>
    </Filter>
    <Filter Include="ソース ファイル\getaddrinfo">
      <UniqueIdentifier>{02e9ffa5-9e62-490d-b6ee-65b4f11b0b80}</UniqueIdentifier>
    </Filter>
    <Filter Include="ヘッダー ファイル\getaddrinfo">
      <UniqueIdentifier>{548ba572-13de-4abb-9d6d-6d7b9438dddd}</UniqueIdentifier>
    </Filter>
    <Filter Include="ソース ファイル\securityDescriptor">
      <UniqueIdentifier>{07bad028-9374-471b-8413-6ef04eaa76f8}</UniqueIdentifier>
    </Filter>
    <Filter Include="ヘッダー ファイル\securityDescriptor">
      <UniqueIdentifier>{669c3a4d-4953-4d55-bc67-2a9549d5180f}</UniqueIdentifier>
    </Filter>
  </ItemGroup>
  <ItemGroup>
    <ClCompile Include="wua.cpp">
      <Filter>ソース ファイル\wua</Filter>
    </ClCompile>
    <ClCompile Include="main.cpp">
      <Filter>ソース ファイル</Filter>
    </ClCompile>
    <ClCompile Include="getaddrinfo.cpp">
      <Filter>ソース ファイル\getaddrinfo</Filter>
    </ClCompile>
    <ClCompile Include="enumAce.cpp">
      <Filter>ソース ファイル\securityDescriptor</Filter>
    </ClCompile>
  </ItemGroup>
  <ItemGroup>
    <ClInclude Include="wua.h">
      <Filter>ヘッダー ファイル\wua</Filter>
    </ClInclude>
    <ClInclude Include="getaddrinfo.h">
      <Filter>ヘッダー ファイル\getaddrinfo</Filter>
    </ClInclude>
    <ClInclude Include="securityDescriptor.h">
      <Filter>ヘッダー ファイル\securityDescriptor</Filter>
    </ClInclude>
  </ItemGroup>
</Project>