<?xml version="1.0" encoding="utf-8"?>
<Project ToolsVersion="4.0" xmlns="http://schemas.microsoft.com/developer/msbuild/2003">
  <ItemGroup>
    <Filter Include="ソース ファイル">
      <UniqueIdentifier>{4FC737F1-C7A5-4376-A066-2A32D752A2FF}</UniqueIdentifier>
      <Extensions>cpp;c;cc;cxx;c++;cppm;ixx;def;odl;idl;hpj;bat;asm;asmx</Extensions>
    </Filter>
    <Filter Include="ヘッダー ファイル">
      <UniqueIdentifier>{93995380-89BD-4b04-88EB-625FBE52EBFB}</UniqueIdentifier>
      <Extensions>h;hh;hpp;hxx;h++;hm;inl;inc;ipp;xsd</Extensions>
    </Filter>
    <Filter Include="リソース ファイル">
      <UniqueIdentifier>{67DA6AB6-F800-4c08-8B7A-83BB121AAD01}</UniqueIdentifier>
      <Extensions>rc;ico;cur;bmp;dlg;rc2;rct;bin;rgs;gif;jpg;jpeg;jpe;resx;tiff;tif;png;wav;mfcribbon-ms</Extensions>
    </Filter>
    <Filter Include="ソース ファイル\wua">
      <UniqueIdentifier>{02d6cba2-65a4-4a8a-a604-b806d0829813}</UniqueIdentifier>
    </Filter>
    <Filter Include="ヘッダー ファイル\wua">
      <UniqueIdentifier>{8603b433-4e68-4bf7-979a-227502d3e336}</UniqueIdentifier>
    </Filter>
    <Filter Include="ソース ファイル\getaddrinfo">
      <UniqueIdentifier>{02e9ffa5-9e62-490d-b6ee-65b4f11b0b80}</UniqueIdentifier>
    </Filter>
    <Filter Include="ヘッダー ファイル\getaddrinfo">
      <UniqueIdentifier>{548ba572-13de-4abb-9d6d-6d7b9438dddd}</UniqueIdentifier>
    </Filter>
    <Filter Include="ソース ファイル\securityDescriptor">
      <UniqueIdentifier>{07bad028-9374-471b-8413-6ef04eaa76f8}</UniqueIdentifier>
    </Filter>
    <Filter Include="ヘッダー ファイル\securityDescriptor">
      <UniqueIdentifier>{669c3a4d-4953-4d55-bc67-2a9549d5180f}</UniqueIdentifier>
    </Filter>
    <Filter Include="ソース ファイル\service">
      <UniqueIdentifier>{ba91688b-fbfb-4f73-8c7d-e97ea13d7989}</UniqueIdentifier>
    </Filter>
    <Filter Include="ヘッダー ファイル\service">
      <UniqueIdentifier>{c653ebc9-1214-489f-a45d-f64a50bec591}</UniqueIdentifier>
    </Filter>
    <Filter Include="ソース ファイル\networkparams">
      <UniqueIdentifier>{90fa272c-accc-4397-9c60-3d70e0d20087}</UniqueIdentifier>
    </Filter>
    <Filter Include="ヘッダー ファイル\networkparams">
      <UniqueIdentifier>{d6410ab4-baac-473f-a6df-43cea6c35af4}</UniqueIdentifier>
    </Filter>
    <Filter Include="ソース ファイル\bluetoothapi">
      <UniqueIdentifier>{94df569a-637f-4536-802e-ade912eabef9}</UniqueIdentifier>
    </Filter>
    <Filter Include="ヘッダー ファイル\bluetoothapi">
      <UniqueIdentifier>{257749c6-5dab-4416-9d11-3aa2f50e30a9}</UniqueIdentifier>
    </Filter>
    <Filter Include="ソース ファイル\wsc">
      <UniqueIdentifier>{ca51a46a-4cdb-488e-9d47-ee0c0f1cac81}</UniqueIdentifier>
    </Filter>
    <Filter Include="ヘッダー ファイル\wsc">
      <UniqueIdentifier>{1ac41e13-62b3-4c54-aa98-520504743ce0}</UniqueIdentifier>
    </Filter>
    <Filter Include="ソース ファイル\findFirstFile">
      <UniqueIdentifier>{a8bf8cc7-688a-4d0d-9da7-516c2a45986b}</UniqueIdentifier>
    </Filter>
    <Filter Include="ヘッダー ファイル\findFirstFile">
      <UniqueIdentifier>{78b5a71e-cda8-4151-ad68-06ab4207447a}</UniqueIdentifier>
    </Filter>
    <Filter Include="ソース ファイル\wlanapi">
      <UniqueIdentifier>{33cf48dd-883f-4404-b8bd-9cecd3df9bb6}</UniqueIdentifier>
    </Filter>
    <Filter Include="ヘッダー ファイル\wlanapi">
      <UniqueIdentifier>{6625e2f5-6c80-4c96-a40c-f2a112266ec3}</UniqueIdentifier>
    </Filter>
    <Filter Include="ソース ファイル\displayNetEvent">
      <UniqueIdentifier>{653cb9f1-6cc6-4dcb-9bc0-6e54cc4bf4f6}</UniqueIdentifier>
    </Filter>
    <Filter Include="ヘッダー ファイル\displayNetEvent">
      <UniqueIdentifier>{36f8bb8d-6e24-4e00-977e-fb4ba70257cb}</UniqueIdentifier>
    </Filter>
    <Filter Include="ヘッダー ファイル\httprequest">
      <UniqueIdentifier>{1c3222d0-0daa-4e3e-9e32-77b9e5315e68}</UniqueIdentifier>
    </Filter>
    <Filter Include="ソース ファイル\httprequest">
      <UniqueIdentifier>{382ce687-2125-48c5-b7d0-677f73f33836}</UniqueIdentifier>
    </Filter>
    <Filter Include="ソース ファイル\adapterInfo">
      <UniqueIdentifier>{2d808c43-55af-4a07-ad03-0f990de1a5c1}</UniqueIdentifier>
    </Filter>
    <Filter Include="ヘッダー ファイル\adapterInfo">
      <UniqueIdentifier>{7d8faf3a-7fbf-4faa-867b-76fa111e01f6}</UniqueIdentifier>
    </Filter>
    <Filter Include="ヘッダー ファイル\regUninstKey">
      <UniqueIdentifier>{a26c94e6-1bf2-4333-8e8f-f429ab4de1f6}</UniqueIdentifier>
    </Filter>
    <Filter Include="ソース ファイル\regUninstKye">
      <UniqueIdentifier>{cfc56550-3ef6-430b-ab15-26f587ebd421}</UniqueIdentifier>
    </Filter>
    <Filter Include="ソース ファイル\wfpProvider">
      <UniqueIdentifier>{eb414c65-e611-4619-87be-14a9c03a4540}</UniqueIdentifier>
    </Filter>
    <Filter Include="ヘッダー ファイル\wfpProvider">
      <UniqueIdentifier>{77e466f4-24be-4832-a244-caaa0daacbe8}</UniqueIdentifier>
    </Filter>
    <Filter Include="ヘッダー ファイル\createWebShortcut">
      <UniqueIdentifier>{46533cf1-9fba-49ce-9454-8db2cfc89526}</UniqueIdentifier>
    </Filter>
    <Filter Include="ソース ファイル\createWebShortcut">
      <UniqueIdentifier>{7c15b5ea-dafd-49f4-b1b6-38ba1c640e59}</UniqueIdentifier>
    </Filter>
  </ItemGroup>
  <ItemGroup>
    <ClCompile Include="wua.cpp">
      <Filter>ソース ファイル\wua</Filter>
    </ClCompile>
    <ClCompile Include="main.cpp">
      <Filter>ソース ファイル</Filter>
    </ClCompile>
    <ClCompile Include="getaddrinfo.cpp">
      <Filter>ソース ファイル\getaddrinfo</Filter>
    </ClCompile>
    <ClCompile Include="enumAce.cpp">
      <Filter>ソース ファイル\securityDescriptor</Filter>
    </ClCompile>
    <ClCompile Include="setAce.cpp">
      <Filter>ソース ファイル\securityDescriptor</Filter>
    </ClCompile>
    <ClCompile Include="getServiceSD.cpp">
      <Filter>ソース ファイル\service</Filter>
    </ClCompile>
    <ClCompile Include="getNetworkParams.cpp">
      <Filter>ソース ファイル\networkparams</Filter>
    </ClCompile>
    <ClCompile Include="bluetoothapi.cpp">
      <Filter>ソース ファイル\bluetoothapi</Filter>
    </ClCompile>
    <ClCompile Include="wsc.cpp">
      <Filter>ソース ファイル\wsc</Filter>
    </ClCompile>
    <ClCompile Include="findFirstFile.cpp">
      <Filter>ソース ファイル\findFirstFile</Filter>
    </ClCompile>
    <ClCompile Include="wlanapi.cpp">
      <Filter>ソース ファイル\wlanapi</Filter>
    </ClCompile>
    <ClCompile Include="displayNetEvent.cpp">
      <Filter>ソース ファイル\displayNetEvent</Filter>
    </ClCompile>
    <ClCompile Include="httpRequest.cpp">
      <Filter>ソース ファイル\httprequest</Filter>
    </ClCompile>
    <ClCompile Include="enumServOwner.cpp">
      <Filter>ソース ファイル\securityDescriptor</Filter>
    </ClCompile>
    <ClCompile Include="adapterInfo.cpp">
      <Filter>ソース ファイル\adapterInfo</Filter>
    </ClCompile>
    <ClCompile Include="enumInstalledPrograms.cpp">
      <Filter>ソース ファイル\regUninstKye</Filter>
    </ClCompile>
    <ClCompile Include="installProvider.cpp">
      <Filter>ソース ファイル\wfpProvider</Filter>
    </ClCompile>
    <ClCompile Include="createWebShortcut.cpp">
      <Filter>ソース ファイル\createWebShortcut</Filter>
    </ClCompile>
  </ItemGroup>
  <ItemGroup>
    <ClInclude Include="wua.h">
      <Filter>ヘッダー ファイル\wua</Filter>
    </ClInclude>
    <ClInclude Include="getaddrinfo.h">
      <Filter>ヘッダー ファイル\getaddrinfo</Filter>
    </ClInclude>
    <ClInclude Include="securityDescriptor.h">
      <Filter>ヘッダー ファイル\securityDescriptor</Filter>
    </ClInclude>
    <ClInclude Include="service.h">
      <Filter>ヘッダー ファイル\service</Filter>
    </ClInclude>
    <ClInclude Include="getNetworkParams.h">
      <Filter>ヘッダー ファイル\networkparams</Filter>
    </ClInclude>
    <ClInclude Include="bluetoothapi.h">
      <Filter>ヘッダー ファイル\bluetoothapi</Filter>
    </ClInclude>
    <ClInclude Include="wsc.h">
      <Filter>ヘッダー ファイル\wsc</Filter>
    </ClInclude>
    <ClInclude Include="findFirstFile.h">
      <Filter>ヘッダー ファイル\findFirstFile</Filter>
    </ClInclude>
    <ClInclude Include="wlanapi.h">
      <Filter>ヘッダー ファイル\wlanapi</Filter>
    </ClInclude>
    <ClInclude Include="displayNetEvent.h">
      <Filter>ヘッダー ファイル\displayNetEvent</Filter>
    </ClInclude>
    <ClInclude Include="httpRequest.h">
      <Filter>ヘッダー ファイル\httprequest</Filter>
    </ClInclude>
    <ClInclude Include="enumServOwner.h">
      <Filter>ヘッダー ファイル\securityDescriptor</Filter>
    </ClInclude>
    <ClInclude Include="adapterInfo.h">
      <Filter>ヘッダー ファイル\adapterInfo</Filter>
    </ClInclude>
    <ClInclude Include="enumUninstalledPrograms.h">
      <Filter>ヘッダー ファイル\regUninstKey</Filter>
    </ClInclude>
    <ClInclude Include="installProvider.h">
      <Filter>ヘッダー ファイル\wfpProvider</Filter>
    </ClInclude>
  </ItemGroup>
  <ItemGroup>
    <None Include="createWebShortcut.h">
      <Filter>ヘッダー ファイル\createWebShortcut</Filter>
    </None>
  </ItemGroup>
</Project>